
Microsoft Visual Studio Solution File, Format Version 12.00
# Visual Studio 15
VisualStudioVersion = 15.0.28307.136
MinimumVisualStudioVersion = 10.0.40219.1
Project("{2150E333-8FDC-42A3-9474-1A3956D46DE8}") = "Neembly.BOIDServer.Application", "Neembly.BOIDServer.Application", "{C47D9E94-6414-4F79-9E20-2F4DE9576FD6}"
EndProject
Project("{9A19103F-16F7-4668-BE54-9A1E7A4F7556}") = "Neembly.BOIDServer.WebAPI", "Neembly.GPIDServer.WebAPI\Neembly.BOIDServer.WebAPI.csproj", "{F206DA25-6BF0-4861-A0D3-CE5B41653385}"
EndProject
Project("{2150E333-8FDC-42A3-9474-1A3956D46DE8}") = "Neembly.BOIDServer.Database", "Neembly.BOIDServer.Database", "{510EAA41-BFBC-4950-B963-A0AA7847FD45}"
EndProject
Project("{9A19103F-16F7-4668-BE54-9A1E7A4F7556}") = "Neembly.BOIDServer.Persistence", "Neembly.GPIDServer.Persistence\Neembly.BOIDServer.Persistence.csproj", "{17F351B7-4B4B-4AFC-8D0B-89BC618293AF}"
EndProject
Project("{2150E333-8FDC-42A3-9474-1A3956D46DE8}") = "Neembly.BOIDServer.Common", "Neembly.BOIDServer.Common", "{A035BFB7-0AD8-42C8-AD32-0B5DF81A2D7A}"
EndProject
Project("{9A19103F-16F7-4668-BE54-9A1E7A4F7556}") = "Neembly.BOIDServer.SharedClasses", "Neembly.GPIDServer.SharedClasses\Neembly.BOIDServer.SharedClasses.csproj", "{22779D9E-E51D-4573-8F9B-AB8D02400117}"
EndProject
Project("{9A19103F-16F7-4668-BE54-9A1E7A4F7556}") = "Neembly.BOIDServer.SharedServices", "Neembly.GPIDServer.SharedServices\Neembly.BOIDServer.SharedServices.csproj", "{933A6989-972A-4D71-B08C-E88A1E548BD4}"
EndProject
Project("{9A19103F-16F7-4668-BE54-9A1E7A4F7556}") = "Neembly.BOIDServer.Constants", "Neembly.GPIDServer.Constants\Neembly.BOIDServer.Constants.csproj", "{E433DD87-4270-4AD4-8563-F3DE842411DA}"
EndProject
Global
	GlobalSection(SolutionConfigurationPlatforms) = preSolution
		Debug|Any CPU = Debug|Any CPU
		Release|Any CPU = Release|Any CPU
		Sandbox|Any CPU = Sandbox|Any CPU
	EndGlobalSection
	GlobalSection(ProjectConfigurationPlatforms) = postSolution
		{F206DA25-6BF0-4861-A0D3-CE5B41653385}.Debug|Any CPU.ActiveCfg = Debug|Any CPU
		{F206DA25-6BF0-4861-A0D3-CE5B41653385}.Debug|Any CPU.Build.0 = Debug|Any CPU
		{F206DA25-6BF0-4861-A0D3-CE5B41653385}.Release|Any CPU.ActiveCfg = Release|Any CPU
		{F206DA25-6BF0-4861-A0D3-CE5B41653385}.Release|Any CPU.Build.0 = Release|Any CPU
		{F206DA25-6BF0-4861-A0D3-CE5B41653385}.Sandbox|Any CPU.ActiveCfg = Sandbox|Any CPU
		{F206DA25-6BF0-4861-A0D3-CE5B41653385}.Sandbox|Any CPU.Build.0 = Sandbox|Any CPU
		{17F351B7-4B4B-4AFC-8D0B-89BC618293AF}.Debug|Any CPU.ActiveCfg = Debug|Any CPU
		{17F351B7-4B4B-4AFC-8D0B-89BC618293AF}.Debug|Any CPU.Build.0 = Debug|Any CPU
		{17F351B7-4B4B-4AFC-8D0B-89BC618293AF}.Release|Any CPU.ActiveCfg = Release|Any CPU
		{17F351B7-4B4B-4AFC-8D0B-89BC618293AF}.Release|Any CPU.Build.0 = Release|Any CPU
		{17F351B7-4B4B-4AFC-8D0B-89BC618293AF}.Sandbox|Any CPU.ActiveCfg = Sandbox|Any CPU
		{17F351B7-4B4B-4AFC-8D0B-89BC618293AF}.Sandbox|Any CPU.Build.0 = Sandbox|Any CPU
		{22779D9E-E51D-4573-8F9B-AB8D02400117}.Debug|Any CPU.ActiveCfg = Debug|Any CPU
		{22779D9E-E51D-4573-8F9B-AB8D02400117}.Debug|Any CPU.Build.0 = Debug|Any CPU
		{22779D9E-E51D-4573-8F9B-AB8D02400117}.Release|Any CPU.ActiveCfg = Release|Any CPU
		{22779D9E-E51D-4573-8F9B-AB8D02400117}.Release|Any CPU.Build.0 = Release|Any CPU
		{22779D9E-E51D-4573-8F9B-AB8D02400117}.Sandbox|Any CPU.ActiveCfg = Sandbox|Any CPU
		{22779D9E-E51D-4573-8F9B-AB8D02400117}.Sandbox|Any CPU.Build.0 = Sandbox|Any CPU
		{933A6989-972A-4D71-B08C-E88A1E548BD4}.Debug|Any CPU.ActiveCfg = Debug|Any CPU
		{933A6989-972A-4D71-B08C-E88A1E548BD4}.Debug|Any CPU.Build.0 = Debug|Any CPU
		{933A6989-972A-4D71-B08C-E88A1E548BD4}.Release|Any CPU.ActiveCfg = Release|Any CPU
		{933A6989-972A-4D71-B08C-E88A1E548BD4}.Release|Any CPU.Build.0 = Release|Any CPU
		{933A6989-972A-4D71-B08C-E88A1E548BD4}.Sandbox|Any CPU.ActiveCfg = Sandbox|Any CPU
		{933A6989-972A-4D71-B08C-E88A1E548BD4}.Sandbox|Any CPU.Build.0 = Sandbox|Any CPU
		{E433DD87-4270-4AD4-8563-F3DE842411DA}.Debug|Any CPU.ActiveCfg = Debug|Any CPU
		{E433DD87-4270-4AD4-8563-F3DE842411DA}.Debug|Any CPU.Build.0 = Debug|Any CPU
		{E433DD87-4270-4AD4-8563-F3DE842411DA}.Release|Any CPU.ActiveCfg = Release|Any CPU
		{E433DD87-4270-4AD4-8563-F3DE842411DA}.Release|Any CPU.Build.0 = Release|Any CPU
		{E433DD87-4270-4AD4-8563-F3DE842411DA}.Sandbox|Any CPU.ActiveCfg = Sandbox|Any CPU
		{E433DD87-4270-4AD4-8563-F3DE842411DA}.Sandbox|Any CPU.Build.0 = Sandbox|Any CPU
	EndGlobalSection
	GlobalSection(SolutionProperties) = preSolution
		HideSolutionNode = FALSE
	EndGlobalSection
	GlobalSection(NestedProjects) = preSolution
		{F206DA25-6BF0-4861-A0D3-CE5B41653385} = {C47D9E94-6414-4F79-9E20-2F4DE9576FD6}
		{17F351B7-4B4B-4AFC-8D0B-89BC618293AF} = {510EAA41-BFBC-4950-B963-A0AA7847FD45}
		{22779D9E-E51D-4573-8F9B-AB8D02400117} = {A035BFB7-0AD8-42C8-AD32-0B5DF81A2D7A}
		{933A6989-972A-4D71-B08C-E88A1E548BD4} = {A035BFB7-0AD8-42C8-AD32-0B5DF81A2D7A}
		{E433DD87-4270-4AD4-8563-F3DE842411DA} = {A035BFB7-0AD8-42C8-AD32-0B5DF81A2D7A}
	EndGlobalSection
	GlobalSection(ExtensibilityGlobals) = postSolution
		SolutionGuid = {360FE2A0-18EA-4652-9BC2-704EB76C5E16}
	EndGlobalSection
EndGlobal
